<?xml version="1.0" encoding="utf-8"?>
<Project ToolsVersion="4.0" xmlns="http://schemas.microsoft.com/developer/msbuild/2003">
  <ItemGroup>
    <ClCompile Include="ConanData.cpp">
      <Filter>Source</Filter>
    </ClCompile>
    <ClCompile Include="Eegraph.cpp">
      <Filter>Source</Filter>
    </ClCompile>
    <ClCompile Include="funcs.cpp">
      <Filter>Source</Filter>
    </ClCompile>
    <ClCompile Include="Saccade.cpp">
      <Filter>Source</Filter>
    </ClCompile>
    <ClCompile Include="SaccadeSearch.cpp">
      <Filter>Source</Filter>
    </ClCompile>
    <ClCompile Include="SaccadeSearchDlg.cpp">
      <Filter>Source</Filter>
    </ClCompile>
    <ClCompile Include="stdafx.cpp">
      <Filter>Source</Filter>
    </ClCompile>
  </ItemGroup>
  <ItemGroup>
    <ClInclude Include="ConanData.h">
      <Filter>Headers</Filter>
    </ClInclude>
    <ClInclude Include="Eegraph.h">
      <Filter>Headers</Filter>
    </ClInclude>
    <ClInclude Include="funcs.h">
      <Filter>Headers</Filter>
    </ClInclude>
    <ClInclude Include="Resource.h">
      <Filter>Headers</Filter>
    </ClInclude>
    <ClInclude Include="Saccade.h">
      <Filter>Headers</Filter>
    </ClInclude>
    <ClInclude Include="SaccadeSearch.h">
      <Filter>Headers</Filter>
    </ClInclude>
    <ClInclude Include="SaccadeSearchDlg.h">
      <Filter>Headers</Filter>
    </ClInclude>
    <ClInclude Include="stdafx.h">
      <Filter>Headers</Filter>
    </ClInclude>
    <ClInclude Include="uexception.h">
      <Filter>Headers</Filter>
    </ClInclude>
  </ItemGroup>
  <ItemGroup>
    <None Include="ReadMe.txt">
      <Filter>Headers</Filter>
    </None>
    <None Include="res\SaccadeSearch.ico">
      <Filter>Resource</Filter>
    </None>
    <None Include="res\SaccadeSearch.rc2">
      <Filter>Resource</Filter>
    </None>
  </ItemGroup>
  <ItemGroup>
    <Filter Include="Headers">
      <UniqueIdentifier>{7e710d7b-8804-4549-b951-f6698d826b52}</UniqueIdentifier>
    </Filter>
    <Filter Include="Source">
      <UniqueIdentifier>{a08f3377-8ce3-4255-b1a7-c279dd932fc9}</UniqueIdentifier>
    </Filter>
    <Filter Include="Resource">
      <UniqueIdentifier>{9b24365f-9c5e-4f40-8ef2-6d668ac6172d}</UniqueIdentifier>
    </Filter>
  </ItemGroup>
  <ItemGroup>
    <ResourceCompile Include="SaccadeSearch.rc">
      <Filter>Resource</Filter>
    </ResourceCompile>
  </ItemGroup>
</Project>